
Microsoft Visual Studio Solution File, Format Version 12.00
# Visual Studio 2013
VisualStudioVersion = 12.0.21005.1
MinimumVisualStudioVersion = 10.0.40219.1
Project("{FAE04EC0-301F-11D3-BF4B-00C04F79EFBC}") = "ImportSDExcel", "ImportSDExcel\ImportSDExcel.csproj", "{04BF8BDC-20BE-4A68-82D0-07E70AED10C6}"
EndProject
Project("{FAE04EC0-301F-11D3-BF4B-00C04F79EFBC}") = "ImportSdExcelForm1", "ImportSdExcelForm\ImportSdExcelForm1.csproj", "{63CD68FC-62E0-495C-A555-F55AA7D997D7}"
EndProject
Project("{FAE04EC0-301F-11D3-BF4B-00C04F79EFBC}") = "ImportUserAndGroup", "ImportUserAndGroup\ImportUserAndGroup.csproj", "{022CE7EC-0907-4250-9E50-EE70F7398FB7}"
EndProject
Global
	GlobalSection(SubversionScc) = preSolution
		Svn-Managed = True
		Manager = AnkhSVN - Subversion Support for Visual Studio
	EndGlobalSection
	GlobalSection(SolutionConfigurationPlatforms) = preSolution
		Debug|Any CPU = Debug|Any CPU
		Release|Any CPU = Release|Any CPU
	EndGlobalSection
	GlobalSection(ProjectConfigurationPlatforms) = postSolution
		{04BF8BDC-20BE-4A68-82D0-07E70AED10C6}.Debug|Any CPU.ActiveCfg = Debug|Any CPU
		{04BF8BDC-20BE-4A68-82D0-07E70AED10C6}.Debug|Any CPU.Build.0 = Debug|Any CPU
		{04BF8BDC-20BE-4A68-82D0-07E70AED10C6}.Release|Any CPU.ActiveCfg = Release|Any CPU
		{04BF8BDC-20BE-4A68-82D0-07E70AED10C6}.Release|Any CPU.Build.0 = Release|Any CPU
		{63CD68FC-62E0-495C-A555-F55AA7D997D7}.Debug|Any CPU.ActiveCfg = Debug|Any CPU
		{63CD68FC-62E0-495C-A555-F55AA7D997D7}.Debug|Any CPU.Build.0 = Debug|Any CPU
		{63CD68FC-62E0-495C-A555-F55AA7D997D7}.Release|Any CPU.ActiveCfg = Release|Any CPU
		{63CD68FC-62E0-495C-A555-F55AA7D997D7}.Release|Any CPU.Build.0 = Release|Any CPU
		{022CE7EC-0907-4250-9E50-EE70F7398FB7}.Debug|Any CPU.ActiveCfg = Debug|Any CPU
		{022CE7EC-0907-4250-9E50-EE70F7398FB7}.Debug|Any CPU.Build.0 = Debug|Any CPU
		{022CE7EC-0907-4250-9E50-EE70F7398FB7}.Release|Any CPU.ActiveCfg = Release|Any CPU
		{022CE7EC-0907-4250-9E50-EE70F7398FB7}.Release|Any CPU.Build.0 = Release|Any CPU
	EndGlobalSection
	GlobalSection(SolutionProperties) = preSolution
		HideSolutionNode = FALSE
	EndGlobalSection
EndGlobal
