
Microsoft Visual Studio Solution File, Format Version 12.00
# Visual Studio 2013
VisualStudioVersion = 12.0.31101.0
MinimumVisualStudioVersion = 10.0.40219.1
Project("{2150E333-8FDC-42A3-9474-1A3956D46DE8}") = "Core", "Core", "{F5F8B7E6-C552-4748-807A-B5C5AA98CC82}"
EndProject
Project("{2150E333-8FDC-42A3-9474-1A3956D46DE8}") = "Client", "Client", "{A164F19C-4917-4A73-AFDA-220339169A1A}"
EndProject
Project("{FAE04EC0-301F-11D3-BF4B-00C04F79EFBC}") = "AecCloud.Client", "Client\AecCloud.Client\AecCloud.Client.csproj", "{E4FD6D5E-9269-40EE-B37C-38CED20DA35A}"
EndProject
Project("{2150E333-8FDC-42A3-9474-1A3956D46DE8}") = ".Docs", ".Docs", "{D8B8B9FD-5373-405E-820F-E2B80DB9E284}"
	ProjectSection(SolutionItems) = preProject
		Docs\ALLInstall.nsi = Docs\ALLInstall.nsi
		Docs\ChnCharInfo.dll = Docs\ChnCharInfo.dll
		Docs\ClientInstall.nsi = Docs\ClientInstall.nsi
		Docs\logo.ico = Docs\logo.ico
		Docs\Readme.md = Docs\Readme.md
	EndProjectSection
EndProject
Project("{2150E333-8FDC-42A3-9474-1A3956D46DE8}") = "Apps", "Apps", "{B8E4C40D-0E0B-4F78-A701-B4465B6B4459}"
EndProject
Project("{FAE04EC0-301F-11D3-BF4B-00C04F79EFBC}") = "AecCloud.WebAPI.Client", "Client\AecCloud.WebAPI.Client\AecCloud.WebAPI.Client.csproj", "{E63B3755-F7B5-4B13-866F-ACB56D60783A}"
EndProject
Project("{FAE04EC0-301F-11D3-BF4B-00C04F79EFBC}") = "SimulaDesign.WPFCustomUI", "Client\SimulaDesign.WPFCustomUI\SimulaDesign.WPFCustomUI.csproj", "{00F06DC6-944F-4A7C-8C20-49E0F011E0B2}"
EndProject
Project("{FAE04EC0-301F-11D3-BF4B-00C04F79EFBC}") = "SimulaDesign.WPFPluginCore", "Client\SimulaDesign.WPFPluginCore\SimulaDesign.WPFPluginCore.csproj", "{3E4D36E1-7661-4626-823B-EF344A5B94DE}"
EndProject
Project("{FAE04EC0-301F-11D3-BF4B-00C04F79EFBC}") = "AecCloud.MfilesClientCore", "Client\AecCloud.MfilesClientCore\AecCloud.MfilesClientCore.csproj", "{9B0F3E05-111E-40EF-94AC-648C8CD72B1D}"
EndProject
Project("{FAE04EC0-301F-11D3-BF4B-00C04F79EFBC}") = "AecCloud.WebAPI.Models", "Core\AecCloud.WebAPI.Models\AecCloud.WebAPI.Models.csproj", "{28C33D7E-77B7-4DCB-8B88-BDD55607737C}"
EndProject
Project("{FAE04EC0-301F-11D3-BF4B-00C04F79EFBC}") = "DBWorld.CloudDrive", "Apps\DBWorld.CloudDrive\DBWorld.CloudDrive.csproj", "{086314C4-0F85-4B3E-B1A0-1AB4ACB970FF}"
EndProject
Project("{FAE04EC0-301F-11D3-BF4B-00C04F79EFBC}") = "DBWorld.DesignCloud", "Apps\DBWorld.DesignCloud\DBWorld.DesignCloud.csproj", "{D3E23BD8-B2EA-44F5-A18C-848083C21481}"
EndProject
Project("{FAE04EC0-301F-11D3-BF4B-00C04F79EFBC}") = "AecCloud.MFilesCore", "Core\AecCloud.MFilesCore\AecCloud.MFilesCore.csproj", "{AE429300-C8F6-4895-BD18-0EEB5CF4CA9B}"
EndProject
Project("{2150E333-8FDC-42A3-9474-1A3956D46DE8}") = "CloudPlugins", "CloudPlugins", "{C2B84512-F4F7-4086-AF28-BD007686ECE9}"
EndProject
Project("{FAE04EC0-301F-11D3-BF4B-00C04F79EFBC}") = "AecCloud.ClientConsole", "Client\AecCloud.ClientConsole\AecCloud.ClientConsole.csproj", "{623B4A55-3A26-4ED3-9243-3C4B88F77E93}"
EndProject
Project("{FAE04EC0-301F-11D3-BF4B-00C04F79EFBC}") = "PluginInstallation", "CloudPlugins\PluginInstallation\PluginInstallation.csproj", "{CCF1D168-F243-4A48-8EDF-1A49177DB114}"
EndProject
Project("{FAE04EC0-301F-11D3-BF4B-00C04F79EFBC}") = "AecCloud.BaseCore", "Core\AecCloud.BaseCore\AecCloud.BaseCore.csproj", "{2ACC62AF-1464-45B8-B449-2FE570A2F4F0}"
EndProject
Project("{FAE04EC0-301F-11D3-BF4B-00C04F79EFBC}") = "DBWorld.EnterpriseCloud", "Apps\DBWorld.EnterpriseCloud\DBWorld.EnterpriseCloud.csproj", "{23A274E1-6823-4FD6-AF71-F3546AA4AFC6}"
EndProject
Project("{FAE04EC0-301F-11D3-BF4B-00C04F79EFBC}") = "DBWorld.ClientApps", "Apps\DBWorld.ClientApps\DBWorld.ClientApps.csproj", "{5E00A1D5-A1A1-4B19-AC7F-BCF7DEAC1B45}"
EndProject
Project("{FAE04EC0-301F-11D3-BF4B-00C04F79EFBC}") = "DBWorld.MailCore", "Apps\DBWorld.MailCore\DBWorld.MailCore.csproj", "{26083EFC-72AF-4D77-A686-8C27C913BA5D}"
EndProject
Project("{FAE04EC0-301F-11D3-BF4B-00C04F79EFBC}") = "DBWorld.MailClient", "Apps\DBWorld.MailClient\DBWorld.MailClient.csproj", "{7B649D1F-2B68-4F70-AE8E-FE29B53D7F40}"
EndProject
Project("{FAE04EC0-301F-11D3-BF4B-00C04F79EFBC}") = "DBWorld.MailReceiver", "Apps\DBWorld.MailReceiver\DBWorld.MailReceiver.csproj", "{FB715D3F-0894-453B-AA82-3BCAFF9E571A}"
EndProject
Project("{FAE04EC0-301F-11D3-BF4B-00C04F79EFBC}") = "DBWorld.MailConfig", "Apps\DBWorld.MailConfig\DBWorld.MailConfig.csproj", "{82CA0F6D-BB68-45F8-BC27-C39B05F3CB29}"
EndProject
Project("{FAE04EC0-301F-11D3-BF4B-00C04F79EFBC}") = "DBWorld.Config", "Client\DBWorld.Config\DBWorld.Config.csproj", "{2E77B54B-0906-489E-AF9C-0F5C76E47C4C}"
EndProject
Project("{FAE04EC0-301F-11D3-BF4B-00C04F79EFBC}") = "SimulaDesign.ClientTray", "Client\SimulaDesing.ClientTray\SimulaDesign.ClientTray.csproj", "{A0188C70-9361-4A2C-9F8C-4DD2B640EE8E}"
EndProject
Project("{FAE04EC0-301F-11D3-BF4B-00C04F79EFBC}") = "SimulaDesign.BimInfo", "CloudPlugins\SimulaDesign.BimInfo\SimulaDesign.BimInfo.csproj", "{EE9553D1-2D41-4F35-97A2-A95A464C7079}"
EndProject
Project("{FAE04EC0-301F-11D3-BF4B-00C04F79EFBC}") = "SimulaDesign.MfBimInfo", "CloudPlugins\SimulaDesign.MfBimInfo\SimulaDesign.MfBimInfo.csproj", "{109EDD9E-38F1-459E-B0BB-6494238E27D3}"
EndProject
Project("{FAE04EC0-301F-11D3-BF4B-00C04F79EFBC}") = "VaultApp", "CloudPlugins\VaultApp\VaultApp.csproj", "{759C8BED-0B6E-4913-B154-B52568A3C58E}"
EndProject
Project("{FAE04EC0-301F-11D3-BF4B-00C04F79EFBC}") = "SimulaDesign.RevitBimInfo2016", "CloudPlugins\SimulaDesign.RevitBimInfo\SimulaDesign.RevitBimInfo2016.csproj", "{A8D7798E-318B-4B99-BD55-56FCF718203B}"
EndProject
Project("{FAE04EC0-301F-11D3-BF4B-00C04F79EFBC}") = "SimulaDesign.RevitBimInfo2014", "CloudPlugins\SimulaDesign.RevitBimInfo\2014\SimulaDesign.RevitBimInfo2014.csproj", "{8A9A8D8B-F25A-4980-A745-7F4FAE24CC45}"
EndProject
Project("{FAE04EC0-301F-11D3-BF4B-00C04F79EFBC}") = "SimulaDesign.RevitBimInfo2015", "CloudPlugins\SimulaDesign.RevitBimInfo\2015\SimulaDesign.RevitBimInfo2015.csproj", "{7944205D-59E7-4F85-B146-466F1BD50CBA}"
EndProject
Global
	GlobalSection(SubversionScc) = preSolution
		Svn-Managed = True
		Manager = AnkhSVN - Subversion Support for Visual Studio
	EndGlobalSection
	GlobalSection(SolutionConfigurationPlatforms) = preSolution
		Debug|Any CPU = Debug|Any CPU
		Release|Any CPU = Release|Any CPU
	EndGlobalSection
	GlobalSection(ProjectConfigurationPlatforms) = postSolution
		{E4FD6D5E-9269-40EE-B37C-38CED20DA35A}.Debug|Any CPU.ActiveCfg = Debug|Any CPU
		{E4FD6D5E-9269-40EE-B37C-38CED20DA35A}.Debug|Any CPU.Build.0 = Debug|Any CPU
		{E4FD6D5E-9269-40EE-B37C-38CED20DA35A}.Release|Any CPU.ActiveCfg = Release|Any CPU
		{E4FD6D5E-9269-40EE-B37C-38CED20DA35A}.Release|Any CPU.Build.0 = Release|Any CPU
		{E63B3755-F7B5-4B13-866F-ACB56D60783A}.Debug|Any CPU.ActiveCfg = Debug|Any CPU
		{E63B3755-F7B5-4B13-866F-ACB56D60783A}.Debug|Any CPU.Build.0 = Debug|Any CPU
		{E63B3755-F7B5-4B13-866F-ACB56D60783A}.Release|Any CPU.ActiveCfg = Release|Any CPU
		{E63B3755-F7B5-4B13-866F-ACB56D60783A}.Release|Any CPU.Build.0 = Release|Any CPU
		{00F06DC6-944F-4A7C-8C20-49E0F011E0B2}.Debug|Any CPU.ActiveCfg = Debug|Any CPU
		{00F06DC6-944F-4A7C-8C20-49E0F011E0B2}.Debug|Any CPU.Build.0 = Debug|Any CPU
		{00F06DC6-944F-4A7C-8C20-49E0F011E0B2}.Release|Any CPU.ActiveCfg = Release|Any CPU
		{00F06DC6-944F-4A7C-8C20-49E0F011E0B2}.Release|Any CPU.Build.0 = Release|Any CPU
		{3E4D36E1-7661-4626-823B-EF344A5B94DE}.Debug|Any CPU.ActiveCfg = Debug|Any CPU
		{3E4D36E1-7661-4626-823B-EF344A5B94DE}.Debug|Any CPU.Build.0 = Debug|Any CPU
		{3E4D36E1-7661-4626-823B-EF344A5B94DE}.Release|Any CPU.ActiveCfg = Release|Any CPU
		{3E4D36E1-7661-4626-823B-EF344A5B94DE}.Release|Any CPU.Build.0 = Release|Any CPU
		{9B0F3E05-111E-40EF-94AC-648C8CD72B1D}.Debug|Any CPU.ActiveCfg = Debug|Any CPU
		{9B0F3E05-111E-40EF-94AC-648C8CD72B1D}.Debug|Any CPU.Build.0 = Debug|Any CPU
		{9B0F3E05-111E-40EF-94AC-648C8CD72B1D}.Release|Any CPU.ActiveCfg = Release|Any CPU
		{9B0F3E05-111E-40EF-94AC-648C8CD72B1D}.Release|Any CPU.Build.0 = Release|Any CPU
		{28C33D7E-77B7-4DCB-8B88-BDD55607737C}.Debug|Any CPU.ActiveCfg = Debug|Any CPU
		{28C33D7E-77B7-4DCB-8B88-BDD55607737C}.Debug|Any CPU.Build.0 = Debug|Any CPU
		{28C33D7E-77B7-4DCB-8B88-BDD55607737C}.Release|Any CPU.ActiveCfg = Release|Any CPU
		{28C33D7E-77B7-4DCB-8B88-BDD55607737C}.Release|Any CPU.Build.0 = Release|Any CPU
		{086314C4-0F85-4B3E-B1A0-1AB4ACB970FF}.Debug|Any CPU.ActiveCfg = Debug|Any CPU
		{086314C4-0F85-4B3E-B1A0-1AB4ACB970FF}.Debug|Any CPU.Build.0 = Debug|Any CPU
		{086314C4-0F85-4B3E-B1A0-1AB4ACB970FF}.Release|Any CPU.ActiveCfg = Release|Any CPU
		{086314C4-0F85-4B3E-B1A0-1AB4ACB970FF}.Release|Any CPU.Build.0 = Release|Any CPU
		{D3E23BD8-B2EA-44F5-A18C-848083C21481}.Debug|Any CPU.ActiveCfg = Debug|Any CPU
		{D3E23BD8-B2EA-44F5-A18C-848083C21481}.Debug|Any CPU.Build.0 = Debug|Any CPU
		{D3E23BD8-B2EA-44F5-A18C-848083C21481}.Release|Any CPU.ActiveCfg = Release|Any CPU
		{D3E23BD8-B2EA-44F5-A18C-848083C21481}.Release|Any CPU.Build.0 = Release|Any CPU
		{AE429300-C8F6-4895-BD18-0EEB5CF4CA9B}.Debug|Any CPU.ActiveCfg = Debug|Any CPU
		{AE429300-C8F6-4895-BD18-0EEB5CF4CA9B}.Debug|Any CPU.Build.0 = Debug|Any CPU
		{AE429300-C8F6-4895-BD18-0EEB5CF4CA9B}.Release|Any CPU.ActiveCfg = Release|Any CPU
		{AE429300-C8F6-4895-BD18-0EEB5CF4CA9B}.Release|Any CPU.Build.0 = Release|Any CPU
		{623B4A55-3A26-4ED3-9243-3C4B88F77E93}.Debug|Any CPU.ActiveCfg = Debug|Any CPU
		{623B4A55-3A26-4ED3-9243-3C4B88F77E93}.Debug|Any CPU.Build.0 = Debug|Any CPU
		{623B4A55-3A26-4ED3-9243-3C4B88F77E93}.Release|Any CPU.ActiveCfg = Release|Any CPU
		{623B4A55-3A26-4ED3-9243-3C4B88F77E93}.Release|Any CPU.Build.0 = Release|Any CPU
		{CCF1D168-F243-4A48-8EDF-1A49177DB114}.Debug|Any CPU.ActiveCfg = Debug|Any CPU
		{CCF1D168-F243-4A48-8EDF-1A49177DB114}.Debug|Any CPU.Build.0 = Debug|Any CPU
		{CCF1D168-F243-4A48-8EDF-1A49177DB114}.Release|Any CPU.ActiveCfg = Release|Any CPU
		{CCF1D168-F243-4A48-8EDF-1A49177DB114}.Release|Any CPU.Build.0 = Release|Any CPU
		{2ACC62AF-1464-45B8-B449-2FE570A2F4F0}.Debug|Any CPU.ActiveCfg = Debug|Any CPU
		{2ACC62AF-1464-45B8-B449-2FE570A2F4F0}.Debug|Any CPU.Build.0 = Debug|Any CPU
		{2ACC62AF-1464-45B8-B449-2FE570A2F4F0}.Release|Any CPU.ActiveCfg = Release|Any CPU
		{2ACC62AF-1464-45B8-B449-2FE570A2F4F0}.Release|Any CPU.Build.0 = Release|Any CPU
		{23A274E1-6823-4FD6-AF71-F3546AA4AFC6}.Debug|Any CPU.ActiveCfg = Debug|Any CPU
		{23A274E1-6823-4FD6-AF71-F3546AA4AFC6}.Debug|Any CPU.Build.0 = Debug|Any CPU
		{23A274E1-6823-4FD6-AF71-F3546AA4AFC6}.Release|Any CPU.ActiveCfg = Release|Any CPU
		{23A274E1-6823-4FD6-AF71-F3546AA4AFC6}.Release|Any CPU.Build.0 = Release|Any CPU
		{5E00A1D5-A1A1-4B19-AC7F-BCF7DEAC1B45}.Debug|Any CPU.ActiveCfg = Debug|Any CPU
		{5E00A1D5-A1A1-4B19-AC7F-BCF7DEAC1B45}.Debug|Any CPU.Build.0 = Debug|Any CPU
		{5E00A1D5-A1A1-4B19-AC7F-BCF7DEAC1B45}.Release|Any CPU.ActiveCfg = Release|Any CPU
		{5E00A1D5-A1A1-4B19-AC7F-BCF7DEAC1B45}.Release|Any CPU.Build.0 = Release|Any CPU
		{26083EFC-72AF-4D77-A686-8C27C913BA5D}.Debug|Any CPU.ActiveCfg = Debug|Any CPU
		{26083EFC-72AF-4D77-A686-8C27C913BA5D}.Debug|Any CPU.Build.0 = Debug|Any CPU
		{26083EFC-72AF-4D77-A686-8C27C913BA5D}.Release|Any CPU.ActiveCfg = Release|Any CPU
		{26083EFC-72AF-4D77-A686-8C27C913BA5D}.Release|Any CPU.Build.0 = Release|Any CPU
		{7B649D1F-2B68-4F70-AE8E-FE29B53D7F40}.Debug|Any CPU.ActiveCfg = Debug|Any CPU
		{7B649D1F-2B68-4F70-AE8E-FE29B53D7F40}.Debug|Any CPU.Build.0 = Debug|Any CPU
		{7B649D1F-2B68-4F70-AE8E-FE29B53D7F40}.Release|Any CPU.ActiveCfg = Release|Any CPU
		{7B649D1F-2B68-4F70-AE8E-FE29B53D7F40}.Release|Any CPU.Build.0 = Release|Any CPU
		{FB715D3F-0894-453B-AA82-3BCAFF9E571A}.Debug|Any CPU.ActiveCfg = Debug|Any CPU
		{FB715D3F-0894-453B-AA82-3BCAFF9E571A}.Debug|Any CPU.Build.0 = Debug|Any CPU
		{FB715D3F-0894-453B-AA82-3BCAFF9E571A}.Release|Any CPU.ActiveCfg = Release|Any CPU
		{FB715D3F-0894-453B-AA82-3BCAFF9E571A}.Release|Any CPU.Build.0 = Release|Any CPU
		{82CA0F6D-BB68-45F8-BC27-C39B05F3CB29}.Debug|Any CPU.ActiveCfg = Debug|Any CPU
		{82CA0F6D-BB68-45F8-BC27-C39B05F3CB29}.Debug|Any CPU.Build.0 = Debug|Any CPU
		{82CA0F6D-BB68-45F8-BC27-C39B05F3CB29}.Release|Any CPU.ActiveCfg = Release|Any CPU
		{82CA0F6D-BB68-45F8-BC27-C39B05F3CB29}.Release|Any CPU.Build.0 = Release|Any CPU
		{2E77B54B-0906-489E-AF9C-0F5C76E47C4C}.Debug|Any CPU.ActiveCfg = Debug|Any CPU
		{2E77B54B-0906-489E-AF9C-0F5C76E47C4C}.Debug|Any CPU.Build.0 = Debug|Any CPU
		{2E77B54B-0906-489E-AF9C-0F5C76E47C4C}.Release|Any CPU.ActiveCfg = Release|Any CPU
		{2E77B54B-0906-489E-AF9C-0F5C76E47C4C}.Release|Any CPU.Build.0 = Release|Any CPU
		{A0188C70-9361-4A2C-9F8C-4DD2B640EE8E}.Debug|Any CPU.ActiveCfg = Debug|Any CPU
		{A0188C70-9361-4A2C-9F8C-4DD2B640EE8E}.Debug|Any CPU.Build.0 = Debug|Any CPU
		{A0188C70-9361-4A2C-9F8C-4DD2B640EE8E}.Release|Any CPU.ActiveCfg = Release|Any CPU
		{A0188C70-9361-4A2C-9F8C-4DD2B640EE8E}.Release|Any CPU.Build.0 = Release|Any CPU
		{EE9553D1-2D41-4F35-97A2-A95A464C7079}.Debug|Any CPU.ActiveCfg = Debug|Any CPU
		{EE9553D1-2D41-4F35-97A2-A95A464C7079}.Debug|Any CPU.Build.0 = Debug|Any CPU
		{EE9553D1-2D41-4F35-97A2-A95A464C7079}.Release|Any CPU.ActiveCfg = Release|Any CPU
		{EE9553D1-2D41-4F35-97A2-A95A464C7079}.Release|Any CPU.Build.0 = Release|Any CPU
		{109EDD9E-38F1-459E-B0BB-6494238E27D3}.Debug|Any CPU.ActiveCfg = Debug|Any CPU
		{109EDD9E-38F1-459E-B0BB-6494238E27D3}.Debug|Any CPU.Build.0 = Debug|Any CPU
		{109EDD9E-38F1-459E-B0BB-6494238E27D3}.Release|Any CPU.ActiveCfg = Release|Any CPU
		{109EDD9E-38F1-459E-B0BB-6494238E27D3}.Release|Any CPU.Build.0 = Release|Any CPU
		{759C8BED-0B6E-4913-B154-B52568A3C58E}.Debug|Any CPU.ActiveCfg = Debug|Any CPU
		{759C8BED-0B6E-4913-B154-B52568A3C58E}.Debug|Any CPU.Build.0 = Debug|Any CPU
		{759C8BED-0B6E-4913-B154-B52568A3C58E}.Release|Any CPU.ActiveCfg = Release|Any CPU
		{759C8BED-0B6E-4913-B154-B52568A3C58E}.Release|Any CPU.Build.0 = Release|Any CPU
		{A8D7798E-318B-4B99-BD55-56FCF718203B}.Debug|Any CPU.ActiveCfg = Debug|Any CPU
		{A8D7798E-318B-4B99-BD55-56FCF718203B}.Debug|Any CPU.Build.0 = Debug|Any CPU
		{A8D7798E-318B-4B99-BD55-56FCF718203B}.Release|Any CPU.ActiveCfg = Release|Any CPU
		{A8D7798E-318B-4B99-BD55-56FCF718203B}.Release|Any CPU.Build.0 = Release|Any CPU
		{8A9A8D8B-F25A-4980-A745-7F4FAE24CC45}.Debug|Any CPU.ActiveCfg = Debug|Any CPU
		{8A9A8D8B-F25A-4980-A745-7F4FAE24CC45}.Debug|Any CPU.Build.0 = Debug|Any CPU
		{8A9A8D8B-F25A-4980-A745-7F4FAE24CC45}.Release|Any CPU.ActiveCfg = Release|Any CPU
		{8A9A8D8B-F25A-4980-A745-7F4FAE24CC45}.Release|Any CPU.Build.0 = Release|Any CPU
		{7944205D-59E7-4F85-B146-466F1BD50CBA}.Debug|Any CPU.ActiveCfg = Debug|Any CPU
		{7944205D-59E7-4F85-B146-466F1BD50CBA}.Debug|Any CPU.Build.0 = Debug|Any CPU
		{7944205D-59E7-4F85-B146-466F1BD50CBA}.Release|Any CPU.ActiveCfg = Release|Any CPU
		{7944205D-59E7-4F85-B146-466F1BD50CBA}.Release|Any CPU.Build.0 = Release|Any CPU
	EndGlobalSection
	GlobalSection(SolutionProperties) = preSolution
		HideSolutionNode = FALSE
	EndGlobalSection
	GlobalSection(NestedProjects) = preSolution
		{E4FD6D5E-9269-40EE-B37C-38CED20DA35A} = {A164F19C-4917-4A73-AFDA-220339169A1A}
		{E63B3755-F7B5-4B13-866F-ACB56D60783A} = {A164F19C-4917-4A73-AFDA-220339169A1A}
		{00F06DC6-944F-4A7C-8C20-49E0F011E0B2} = {A164F19C-4917-4A73-AFDA-220339169A1A}
		{3E4D36E1-7661-4626-823B-EF344A5B94DE} = {A164F19C-4917-4A73-AFDA-220339169A1A}
		{9B0F3E05-111E-40EF-94AC-648C8CD72B1D} = {A164F19C-4917-4A73-AFDA-220339169A1A}
		{28C33D7E-77B7-4DCB-8B88-BDD55607737C} = {F5F8B7E6-C552-4748-807A-B5C5AA98CC82}
		{086314C4-0F85-4B3E-B1A0-1AB4ACB970FF} = {B8E4C40D-0E0B-4F78-A701-B4465B6B4459}
		{D3E23BD8-B2EA-44F5-A18C-848083C21481} = {B8E4C40D-0E0B-4F78-A701-B4465B6B4459}
		{AE429300-C8F6-4895-BD18-0EEB5CF4CA9B} = {F5F8B7E6-C552-4748-807A-B5C5AA98CC82}
		{623B4A55-3A26-4ED3-9243-3C4B88F77E93} = {A164F19C-4917-4A73-AFDA-220339169A1A}
		{CCF1D168-F243-4A48-8EDF-1A49177DB114} = {C2B84512-F4F7-4086-AF28-BD007686ECE9}
		{2ACC62AF-1464-45B8-B449-2FE570A2F4F0} = {F5F8B7E6-C552-4748-807A-B5C5AA98CC82}
		{23A274E1-6823-4FD6-AF71-F3546AA4AFC6} = {B8E4C40D-0E0B-4F78-A701-B4465B6B4459}
		{5E00A1D5-A1A1-4B19-AC7F-BCF7DEAC1B45} = {B8E4C40D-0E0B-4F78-A701-B4465B6B4459}
		{26083EFC-72AF-4D77-A686-8C27C913BA5D} = {B8E4C40D-0E0B-4F78-A701-B4465B6B4459}
		{7B649D1F-2B68-4F70-AE8E-FE29B53D7F40} = {B8E4C40D-0E0B-4F78-A701-B4465B6B4459}
		{FB715D3F-0894-453B-AA82-3BCAFF9E571A} = {B8E4C40D-0E0B-4F78-A701-B4465B6B4459}
		{82CA0F6D-BB68-45F8-BC27-C39B05F3CB29} = {B8E4C40D-0E0B-4F78-A701-B4465B6B4459}
		{2E77B54B-0906-489E-AF9C-0F5C76E47C4C} = {A164F19C-4917-4A73-AFDA-220339169A1A}
		{A0188C70-9361-4A2C-9F8C-4DD2B640EE8E} = {A164F19C-4917-4A73-AFDA-220339169A1A}
		{EE9553D1-2D41-4F35-97A2-A95A464C7079} = {C2B84512-F4F7-4086-AF28-BD007686ECE9}
		{109EDD9E-38F1-459E-B0BB-6494238E27D3} = {C2B84512-F4F7-4086-AF28-BD007686ECE9}
		{759C8BED-0B6E-4913-B154-B52568A3C58E} = {C2B84512-F4F7-4086-AF28-BD007686ECE9}
		{A8D7798E-318B-4B99-BD55-56FCF718203B} = {C2B84512-F4F7-4086-AF28-BD007686ECE9}
		{8A9A8D8B-F25A-4980-A745-7F4FAE24CC45} = {C2B84512-F4F7-4086-AF28-BD007686ECE9}
		{7944205D-59E7-4F85-B146-466F1BD50CBA} = {C2B84512-F4F7-4086-AF28-BD007686ECE9}
	EndGlobalSection
EndGlobal
